{
  "object": {
    "pins": [
      {
        "package": "XcodeReleases",
        "repositoryURL": "https://github.com/xcodereleases/data",
        "state": {
          "branch": "master",
          "revision": "9389793271febc0714cdf946caff8e3b8247d456",
          "version": null
        }
      }
    ]
  },
  "version": 1
}
