{
  "object": {
    "pins": [
      {
        "package": "XcodeReleases",
        "repositoryURL": "https://github.com/xcodereleases/data",
        "state": {
          "branch": "master",
          "revision": "2dff4d153f7f73b143c12891187a01c41f9250ca",
          "version": null
        }
      }
    ]
  },
  "version": 1
}
